// !$*UTF8*$!
{
	archiveVersion = 1;
	classes = {
	};
	objectVersion = 55;
	objects = {

/* Begin PBXBuildFile section */
		47096D8A29E2AC2E00DA528F /* iKNOWApp.swift in Sources */ = {isa = PBXBuildFile; fileRef = 47096D8929E2AC2E00DA528F /* iKNOWApp.swift */; };
		47096D8C29E2AC2E00DA528F /* ContentView.swift in Sources */ = {isa = PBXBuildFile; fileRef = 47096D8B29E2AC2E00DA528F /* ContentView.swift */; };
		47096D8E29E2AC3500DA528F /* Assets.xcassets in Resources */ = {isa = PBXBuildFile; fileRef = 47096D8D29E2AC3500DA528F /* Assets.xcassets */; };
		47096D9129E2AC3500DA528F /* Preview Assets.xcassets in Resources */ = {isa = PBXBuildFile; fileRef = 47096D9029E2AC3500DA528F /* Preview Assets.xcassets */; };
		47096D9B29E2AC3600DA528F /* iKNOWTests.swift in Sources */ = {isa = PBXBuildFile; fileRef = 47096D9A29E2AC3600DA528F /* iKNOWTests.swift */; };
		47096DA529E2AC3600DA528F /* iKNOWUITests.swift in Sources */ = {isa = PBXBuildFile; fileRef = 47096DA429E2AC3600DA528F /* iKNOWUITests.swift */; };
		47096DA729E2AC3600DA528F /* iKNOWUITestsLaunchTests.swift in Sources */ = {isa = PBXBuildFile; fileRef = 47096DA629E2AC3600DA528F /* iKNOWUITestsLaunchTests.swift */; };
/* End PBXBuildFile section */

/* Begin PBXContainerItemProxy section */
		47096D9729E2AC3600DA528F /* PBXContainerItemProxy */ = {
			isa = PBXContainerItemProxy;
			containerPortal = 47096D7E29E2AC2E00DA528F /* Project object */;
			proxyType = 1;
			remoteGlobalIDString = 47096D8529E2AC2E00DA528F;
			remoteInfo = iKNOW;
		};
		47096DA129E2AC3600DA528F /* PBXContainerItemProxy */ = {
			isa = PBXContainerItemProxy;
			containerPortal = 47096D7E29E2AC2E00DA528F /* Project object */;
			proxyType = 1;
			remoteGlobalIDString = 47096D8529E2AC2E00DA528F;
			remoteInfo = iKNOW;
		};
/* End PBXContainerItemProxy section */

/* Begin PBXFileReference section */
		47096D8629E2AC2E00DA528F /* iKNOW.app */ = {isa = PBXFileReference; explicitFileType = wrapper.application; includeInIndex = 0; path = iKNOW.app; sourceTree = BUILT_PRODUCTS_DIR; };
		47096D8929E2AC2E00DA528F /* iKNOWApp.swift */ = {isa = PBXFileReference; lastKnownFileType = sourcecode.swift; path = iKNOWApp.swift; sourceTree = "<group>"; };
		47096D8B29E2AC2E00DA528F /* ContentView.swift */ = {isa = PBXFileReference; lastKnownFileType = sourcecode.swift; path = ContentView.swift; sourceTree = "<group>"; };
		47096D8D29E2AC3500DA528F /* Assets.xcassets */ = {isa = PBXFileReference; lastKnownFileType = folder.assetcatalog; path = Assets.xcassets; sourceTree = "<group>"; };
		47096D9029E2AC3500DA528F /* Preview Assets.xcassets */ = {isa = PBXFileReference; lastKnownFileType = folder.assetcatalog; path = "Preview Assets.xcassets"; sourceTree = "<group>"; };
		47096D9629E2AC3600DA528F /* iKNOWTests.xctest */ = {isa = PBXFileReference; explicitFileType = wrapper.cfbundle; includeInIndex = 0; path = iKNOWTests.xctest; sourceTree = BUILT_PRODUCTS_DIR; };
		47096D9A29E2AC3600DA528F /* iKNOWTests.swift */ = {isa = PBXFileReference; lastKnownFileType = sourcecode.swift; path = iKNOWTests.swift; sourceTree = "<group>"; };
		47096DA029E2AC3600DA528F /* iKNOWUITests.xctest */ = {isa = PBXFileReference; explicitFileType = wrapper.cfbundle; includeInIndex = 0; path = iKNOWUITests.xctest; sourceTree = BUILT_PRODUCTS_DIR; };
		47096DA429E2AC3600DA528F /* iKNOWUITests.swift */ = {isa = PBXFileReference; lastKnownFileType = sourcecode.swift; path = iKNOWUITests.swift; sourceTree = "<group>"; };
		47096DA629E2AC3600DA528F /* iKNOWUITestsLaunchTests.swift */ = {isa = PBXFileReference; lastKnownFileType = sourcecode.swift; path = iKNOWUITestsLaunchTests.swift; sourceTree = "<group>"; };
/* End PBXFileReference section */

/* Begin PBXFrameworksBuildPhase section */
		47096D8329E2AC2E00DA528F /* Frameworks */ = {
			isa = PBXFrameworksBuildPhase;
			buildActionMask = 2147483647;
			files = (
			);
			runOnlyForDeploymentPostprocessing = 0;
		};
		47096D9329E2AC3600DA528F /* Frameworks */ = {
			isa = PBXFrameworksBuildPhase;
			buildActionMask = 2147483647;
			files = (
			);
			runOnlyForDeploymentPostprocessing = 0;
		};
		47096D9D29E2AC3600DA528F /* Frameworks */ = {
			isa = PBXFrameworksBuildPhase;
			buildActionMask = 2147483647;
			files = (
			);
			runOnlyForDeploymentPostprocessing = 0;
		};
/* End PBXFrameworksBuildPhase section */

/* Begin PBXGroup section */
		47096D7D29E2AC2E00DA528F = {
			isa = PBXGroup;
			children = (
				47096D8829E2AC2E00DA528F /* iKNOW */,
				47096D9929E2AC3600DA528F /* iKNOWTests */,
				47096DA329E2AC3600DA528F /* iKNOWUITests */,
				47096D8729E2AC2E00DA528F /* Products */,
			);
			sourceTree = "<group>";
		};
		47096D8729E2AC2E00DA528F /* Products */ = {
			isa = PBXGroup;
			children = (
				47096D8629E2AC2E00DA528F /* iKNOW.app */,
				47096D9629E2AC3600DA528F /* iKNOWTests.xctest */,
				47096DA029E2AC3600DA528F /* iKNOWUITests.xctest */,
			);
			name = Products;
			sourceTree = "<group>";
		};
		47096D8829E2AC2E00DA528F /* iKNOW */ = {
			isa = PBXGroup;
			children = (
				47096D8929E2AC2E00DA528F /* iKNOWApp.swift */,
				47096D8B29E2AC2E00DA528F /* ContentView.swift */,
				47096D8D29E2AC3500DA528F /* Assets.xcassets */,
				47096D8F29E2AC3500DA528F /* Preview Content */,
			);
			path = iKNOW;
			sourceTree = "<group>";
		};
		47096D8F29E2AC3500DA528F /* Preview Content */ = {
			isa = PBXGroup;
			children = (
				47096D9029E2AC3500DA528F /* Preview Assets.xcassets */,
			);
			path = "Preview Content";
			sourceTree = "<group>";
		};
		47096D9929E2AC3600DA528F /* iKNOWTests */ = {
			isa = PBXGroup;
			children = (
				47096D9A29E2AC3600DA528F /* iKNOWTests.swift */,
			);
			path = iKNOWTests;
			sourceTree = "<group>";
		};
		47096DA329E2AC3600DA528F /* iKNOWUITests */ = {
			isa = PBXGroup;
			children = (
				47096DA429E2AC3600DA528F /* iKNOWUITests.swift */,
				47096DA629E2AC3600DA528F /* iKNOWUITestsLaunchTests.swift */,
			);
			path = iKNOWUITests;
			sourceTree = "<group>";
		};
/* End PBXGroup section */

/* Begin PBXNativeTarget section */
		47096D8529E2AC2E00DA528F /* iKNOW */ = {
			isa = PBXNativeTarget;
			buildConfigurationList = 47096DAA29E2AC3600DA528F /* Build configuration list for PBXNativeTarget "iKNOW" */;
			buildPhases = (
				47096D8229E2AC2E00DA528F /* Sources */,
				47096D8329E2AC2E00DA528F /* Frameworks */,
				47096D8429E2AC2E00DA528F /* Resources */,
			);
			buildRules = (
			);
			dependencies = (
			);
			name = iKNOW;
			productName = iKNOW;
			productReference = 47096D8629E2AC2E00DA528F /* iKNOW.app */;
			productType = "com.apple.product-type.application";
		};
		47096D9529E2AC3600DA528F /* iKNOWTests */ = {
			isa = PBXNativeTarget;
			buildConfigurationList = 47096DAD29E2AC3600DA528F /* Build configuration list for PBXNativeTarget "iKNOWTests" */;
			buildPhases = (
				47096D9229E2AC3600DA528F /* Sources */,
				47096D9329E2AC3600DA528F /* Frameworks */,
				47096D9429E2AC3600DA528F /* Resources */,
			);
			buildRules = (
			);
			dependencies = (
				47096D9829E2AC3600DA528F /* PBXTargetDependency */,
			);
			name = iKNOWTests;
			productName = iKNOWTests;
			productReference = 47096D9629E2AC3600DA528F /* iKNOWTests.xctest */;
			productType = "com.apple.product-type.bundle.unit-test";
		};
		47096D9F29E2AC3600DA528F /* iKNOWUITests */ = {
			isa = PBXNativeTarget;
			buildConfigurationList = 47096DB029E2AC3600DA528F /* Build configuration list for PBXNativeTarget "iKNOWUITests" */;
			buildPhases = (
				47096D9C29E2AC3600DA528F /* Sources */,
				47096D9D29E2AC3600DA528F /* Frameworks */,
				47096D9E29E2AC3600DA528F /* Resources */,
			);
			buildRules = (
			);
			dependencies = (
				47096DA229E2AC3600DA528F /* PBXTargetDependency */,
			);
			name = iKNOWUITests;
			productName = iKNOWUITests;
			productReference = 47096DA029E2AC3600DA528F /* iKNOWUITests.xctest */;
			productType = "com.apple.product-type.bundle.ui-testing";
		};
/* End PBXNativeTarget section */

/* Begin PBXProject section */
		47096D7E29E2AC2E00DA528F /* Project object */ = {
			isa = PBXProject;
			attributes = {
				BuildIndependentTargetsInParallel = 1;
				LastSwiftUpdateCheck = 1340;
				LastUpgradeCheck = 1340;
				TargetAttributes = {
					47096D8529E2AC2E00DA528F = {
						CreatedOnToolsVersion = 13.4.1;
					};
					47096D9529E2AC3600DA528F = {
						CreatedOnToolsVersion = 13.4.1;
						TestTargetID = 47096D8529E2AC2E00DA528F;
					};
					47096D9F29E2AC3600DA528F = {
						CreatedOnToolsVersion = 13.4.1;
						TestTargetID = 47096D8529E2AC2E00DA528F;
					};
				};
			};
			buildConfigurationList = 47096D8129E2AC2E00DA528F /* Build configuration list for PBXProject "iKNOW" */;
			compatibilityVersion = "Xcode 13.0";
			developmentRegion = en;
			hasScannedForEncodings = 0;
			knownRegions = (
				en,
				Base,
			);
			mainGroup = 47096D7D29E2AC2E00DA528F;
			productRefGroup = 47096D8729E2AC2E00DA528F /* Products */;
			projectDirPath = "";
			projectRoot = "";
			targets = (
				47096D8529E2AC2E00DA528F /* iKNOW */,
				47096D9529E2AC3600DA528F /* iKNOWTests */,
				47096D9F29E2AC3600DA528F /* iKNOWUITests */,
			);
		};
/* End PBXProject section */

/* Begin PBXResourcesBuildPhase section */
		47096D8429E2AC2E00DA528F /* Resources */ = {
			isa = PBXResourcesBuildPhase;
			buildActionMask = 2147483647;
			files = (
				47096D9129E2AC3500DA528F /* Preview Assets.xcassets in Resources */,
				47096D8E29E2AC3500DA528F /* Assets.xcassets in Resources */,
			);
			runOnlyForDeploymentPostprocessing = 0;
		};
		47096D9429E2AC3600DA528F /* Resources */ = {
			isa = PBXResourcesBuildPhase;
			buildActionMask = 2147483647;
			files = (
			);
			runOnlyForDeploymentPostprocessing = 0;
		};
		47096D9E29E2AC3600DA528F /* Resources */ = {
			isa = PBXResourcesBuildPhase;
			buildActionMask = 2147483647;
			files = (
			);
			runOnlyForDeploymentPostprocessing = 0;
		};
/* End PBXResourcesBuildPhase section */

/* Begin PBXSourcesBuildPhase section */
		47096D8229E2AC2E00DA528F /* Sources */ = {
			isa = PBXSourcesBuildPhase;
			buildActionMask = 2147483647;
			files = (
				47096D8C29E2AC2E00DA528F /* ContentView.swift in Sources */,
				47096D8A29E2AC2E00DA528F /* iKNOWApp.swift in Sources */,
			);
			runOnlyForDeploymentPostprocessing = 0;
		};
		47096D9229E2AC3600DA528F /* Sources */ = {
			isa = PBXSourcesBuildPhase;
			buildActionMask = 2147483647;
			files = (
				47096D9B29E2AC3600DA528F /* iKNOWTests.swift in Sources */,
			);
			runOnlyForDeploymentPostprocessing = 0;
		};
		47096D9C29E2AC3600DA528F /* Sources */ = {
			isa = PBXSourcesBuildPhase;
			buildActionMask = 2147483647;
			files = (
				47096DA529E2AC3600DA528F /* iKNOWUITests.swift in Sources */,
				47096DA729E2AC3600DA528F /* iKNOWUITestsLaunchTests.swift in Sources */,
			);
			runOnlyForDeploymentPostprocessing = 0;
		};
/* End PBXSourcesBuildPhase section */

/* Begin PBXTargetDependency section */
		47096D9829E2AC3600DA528F /* PBXTargetDependency */ = {
			isa = PBXTargetDependency;
			target = 47096D8529E2AC2E00DA528F /* iKNOW */;
			targetProxy = 47096D9729E2AC3600DA528F /* PBXContainerItemProxy */;
		};
		47096DA229E2AC3600DA528F /* PBXTargetDependency */ = {
			isa = PBXTargetDependency;
			target = 47096D8529E2AC2E00DA528F /* iKNOW */;
			targetProxy = 47096DA129E2AC3600DA528F /* PBXContainerItemProxy */;
		};
/* End PBXTargetDependency section */

/* Begin XCBuildConfiguration section */
		47096DA829E2AC3600DA528F /* Debug */ = {
			isa = XCBuildConfiguration;
			buildSettings = {
				ALWAYS_SEARCH_USER_PATHS = NO;
				CLANG_ANALYZER_NONNULL = YES;
				CLANG_ANALYZER_NUMBER_OBJECT_CONVERSION = YES_AGGRESSIVE;
				CLANG_CXX_LANGUAGE_STANDARD = "gnu++17";
				CLANG_ENABLE_MODULES = YES;
				CLANG_ENABLE_OBJC_ARC = YES;
				CLANG_ENABLE_OBJC_WEAK = YES;
				CLANG_WARN_BLOCK_CAPTURE_AUTORELEASING = YES;
				CLANG_WARN_BOOL_CONVERSION = YES;
				CLANG_WARN_COMMA = YES;
				CLANG_WARN_CONSTANT_CONVERSION = YES;
				CLANG_WARN_DEPRECATED_OBJC_IMPLEMENTATIONS = YES;
				CLANG_WARN_DIRECT_OBJC_ISA_USAGE = YES_ERROR;
				CLANG_WARN_DOCUMENTATION_COMMENTS = YES;
				CLANG_WARN_EMPTY_BODY = YES;
				CLANG_WARN_ENUM_CONVERSION = YES;
				CLANG_WARN_INFINITE_RECURSION = YES;
				CLANG_WARN_INT_CONVERSION = YES;
				CLANG_WARN_NON_LITERAL_NULL_CONVERSION = YES;
				CLANG_WARN_OBJC_IMPLICIT_RETAIN_SELF = YES;
				CLANG_WARN_OBJC_LITERAL_CONVERSION = YES;
				CLANG_WARN_OBJC_ROOT_CLASS = YES_ERROR;
				CLANG_WARN_QUOTED_INCLUDE_IN_FRAMEWORK_HEADER = YES;
				CLANG_WARN_RANGE_LOOP_ANALYSIS = YES;
				CLANG_WARN_STRICT_PROTOTYPES = YES;
				CLANG_WARN_SUSPICIOUS_MOVE = YES;
				CLANG_WARN_UNGUARDED_AVAILABILITY = YES_AGGRESSIVE;
				CLANG_WARN_UNREACHABLE_CODE = YES;
				CLANG_WARN__DUPLICATE_METHOD_MATCH = YES;
				COPY_PHASE_STRIP = NO;
				DEBUG_INFORMATION_FORMAT = dwarf;
				ENABLE_STRICT_OBJC_MSGSEND = YES;
				ENABLE_TESTABILITY = YES;
				GCC_C_LANGUAGE_STANDARD = gnu11;
				GCC_DYNAMIC_NO_PIC = NO;
				GCC_NO_COMMON_BLOCKS = YES;
				GCC_OPTIMIZATION_LEVEL = 0;
				GCC_PREPROCESSOR_DEFINITIONS = (
					"DEBUG=1",
					"$(inherited)",
				);
				GCC_WARN_64_TO_32_BIT_CONVERSION = YES;
				GCC_WARN_ABOUT_RETURN_TYPE = YES_ERROR;
				GCC_WARN_UNDECLARED_SELECTOR = YES;
				GCC_WARN_UNINITIALIZED_AUTOS = YES_AGGRESSIVE;
				GCC_WARN_UNUSED_FUNCTION = YES;
				GCC_WARN_UNUSED_VARIABLE = YES;
				IPHONEOS_DEPLOYMENT_TARGET = 15.5;
				MTL_ENABLE_DEBUG_INFO = INCLUDE_SOURCE;
				MTL_FAST_MATH = YES;
				ONLY_ACTIVE_ARCH = YES;
				SDKROOT = iphoneos;
				SWIFT_ACTIVE_COMPILATION_CONDITIONS = DEBUG;
				SWIFT_OPTIMIZATION_LEVEL = "-Onone";
			};
			name = Debug;
		};
		47096DA929E2AC3600DA528F /* Release */ = {
			isa = XCBuildConfiguration;
			buildSettings = {
				ALWAYS_SEARCH_USER_PATHS = NO;
				CLANG_ANALYZER_NONNULL = YES;
				CLANG_ANALYZER_NUMBER_OBJECT_CONVERSION = YES_AGGRESSIVE;
				CLANG_CXX_LANGUAGE_STANDARD = "gnu++17";
				CLANG_ENABLE_MODULES = YES;
				CLANG_ENABLE_OBJC_ARC = YES;
				CLANG_ENABLE_OBJC_WEAK = YES;
				CLANG_WARN_BLOCK_CAPTURE_AUTORELEASING = YES;
				CLANG_WARN_BOOL_CONVERSION = YES;
				CLANG_WARN_COMMA = YES;
				CLANG_WARN_CONSTANT_CONVERSION = YES;
				CLANG_WARN_DEPRECATED_OBJC_IMPLEMENTATIONS = YES;
				CLANG_WARN_DIRECT_OBJC_ISA_USAGE = YES_ERROR;
				CLANG_WARN_DOCUMENTATION_COMMENTS = YES;
				CLANG_WARN_EMPTY_BODY = YES;
				CLANG_WARN_ENUM_CONVERSION = YES;
				CLANG_WARN_INFINITE_RECURSION = YES;
				CLANG_WARN_INT_CONVERSION = YES;
				CLANG_WARN_NON_LITERAL_NULL_CONVERSION = YES;
				CLANG_WARN_OBJC_IMPLICIT_RETAIN_SELF = YES;
				CLANG_WARN_OBJC_LITERAL_CONVERSION = YES;
				CLANG_WARN_OBJC_ROOT_CLASS = YES_ERROR;
				CLANG_WARN_QUOTED_INCLUDE_IN_FRAMEWORK_HEADER = YES;
				CLANG_WARN_RANGE_LOOP_ANALYSIS = YES;
				CLANG_WARN_STRICT_PROTOTYPES = YES;
				CLANG_WARN_SUSPICIOUS_MOVE = YES;
				CLANG_WARN_UNGUARDED_AVAILABILITY = YES_AGGRESSIVE;
				CLANG_WARN_UNREACHABLE_CODE = YES;
				CLANG_WARN__DUPLICATE_METHOD_MATCH = YES;
				COPY_PHASE_STRIP = NO;
				DEBUG_INFORMATION_FORMAT = "dwarf-with-dsym";
				ENABLE_NS_ASSERTIONS = NO;
				ENABLE_STRICT_OBJC_MSGSEND = YES;
				GCC_C_LANGUAGE_STANDARD = gnu11;
				GCC_NO_COMMON_BLOCKS = YES;
				GCC_WARN_64_TO_32_BIT_CONVERSION = YES;
				GCC_WARN_ABOUT_RETURN_TYPE = YES_ERROR;
				GCC_WARN_UNDECLARED_SELECTOR = YES;
				GCC_WARN_UNINITIALIZED_AUTOS = YES_AGGRESSIVE;
				GCC_WARN_UNUSED_FUNCTION = YES;
				GCC_WARN_UNUSED_VARIABLE = YES;
				IPHONEOS_DEPLOYMENT_TARGET = 15.5;
				MTL_ENABLE_DEBUG_INFO = NO;
				MTL_FAST_MATH = YES;
				SDKROOT = iphoneos;
				SWIFT_COMPILATION_MODE = wholemodule;
				SWIFT_OPTIMIZATION_LEVEL = "-O";
				VALIDATE_PRODUCT = YES;
			};
			name = Release;
		};
		47096DAB29E2AC3600DA528F /* Debug */ = {
			isa = XCBuildConfiguration;
			buildSettings = {
				ASSETCATALOG_COMPILER_APPICON_NAME = AppIcon;
				ASSETCATALOG_COMPILER_GLOBAL_ACCENT_COLOR_NAME = AccentColor;
				CODE_SIGN_STYLE = Automatic;
				CURRENT_PROJECT_VERSION = 1;
				DEVELOPMENT_ASSET_PATHS = "\"iKNOW/Preview Content\"";
				ENABLE_PREVIEWS = YES;
				GENERATE_INFOPLIST_FILE = YES;
				INFOPLIST_KEY_UIApplicationSceneManifest_Generation = YES;
				INFOPLIST_KEY_UIApplicationSupportsIndirectInputEvents = YES;
				INFOPLIST_KEY_UILaunchScreen_Generation = YES;
				INFOPLIST_KEY_UISupportedInterfaceOrientations_iPad = "UIInterfaceOrientationPortrait UIInterfaceOrientationPortraitUpsideDown UIInterfaceOrientationLandscapeLeft UIInterfaceOrientationLandscapeRight";
				INFOPLIST_KEY_UISupportedInterfaceOrientations_iPhone = "UIInterfaceOrientationPortrait UIInterfaceOrientationLandscapeLeft UIInterfaceOrientationLandscapeRight";
				LD_RUNPATH_SEARCH_PATHS = (
					"$(inherited)",
					"@executable_path/Frameworks",
				);
				MARKETING_VERSION = 1.0;
				PRODUCT_BUNDLE_IDENTIFIER = com.madanbrewery.iKNOW;
				PRODUCT_NAME = "$(TARGET_NAME)";
				SWIFT_EMIT_LOC_STRINGS = YES;
				SWIFT_VERSION = 5.0;
				TARGETED_DEVICE_FAMILY = "1,2";
			};
			name = Debug;
		};
		47096DAC29E2AC3600DA528F /* Release */ = {
			isa = XCBuildConfiguration;
			buildSettings = {
				ASSETCATALOG_COMPILER_APPICON_NAME = AppIcon;
				ASSETCATALOG_COMPILER_GLOBAL_ACCENT_COLOR_NAME = AccentColor;
				CODE_SIGN_STYLE = Automatic;
				CURRENT_PROJECT_VERSION = 1;
				DEVELOPMENT_ASSET_PATHS = "\"iKNOW/Preview Content\"";
				ENABLE_PREVIEWS = YES;
				GENERATE_INFOPLIST_FILE = YES;
				INFOPLIST_KEY_UIApplicationSceneManifest_Generation = YES;
				INFOPLIST_KEY_UIApplicationSupportsIndirectInputEvents = YES;
				INFOPLIST_KEY_UILaunchScreen_Generation = YES;
				INFOPLIST_KEY_UISupportedInterfaceOrientations_iPad = "UIInterfaceOrientationPortrait UIInterfaceOrientationPortraitUpsideDown UIInterfaceOrientationLandscapeLeft UIInterfaceOrientationLandscapeRight";
				INFOPLIST_KEY_UISupportedInterfaceOrientations_iPhone = "UIInterfaceOrientationPortrait UIInterfaceOrientationLandscapeLeft UIInterfaceOrientationLandscapeRight";
				LD_RUNPATH_SEARCH_PATHS = (
					"$(inherited)",
					"@executable_path/Frameworks",
				);
				MARKETING_VERSION = 1.0;
				PRODUCT_BUNDLE_IDENTIFIER = com.madanbrewery.iKNOW;
				PRODUCT_NAME = "$(TARGET_NAME)";
				SWIFT_EMIT_LOC_STRINGS = YES;
				SWIFT_VERSION = 5.0;
				TARGETED_DEVICE_FAMILY = "1,2";
			};
			name = Release;
		};
		47096DAE29E2AC3600DA528F /* Debug */ = {
			isa = XCBuildConfiguration;
			buildSettings = {
				ALWAYS_EMBED_SWIFT_STANDARD_LIBRARIES = YES;
				BUNDLE_LOADER = "$(TEST_HOST)";
				CODE_SIGN_STYLE = Automatic;
				CURRENT_PROJECT_VERSION = 1;
				GENERATE_INFOPLIST_FILE = YES;
				IPHONEOS_DEPLOYMENT_TARGET = 15.5;
				MARKETING_VERSION = 1.0;
				PRODUCT_BUNDLE_IDENTIFIER = com.madanbrewery.iKNOWTests;
				PRODUCT_NAME = "$(TARGET_NAME)";
				SWIFT_EMIT_LOC_STRINGS = NO;
				SWIFT_VERSION = 5.0;
				TARGETED_DEVICE_FAMILY = "1,2";
				TEST_HOST = "$(BUILT_PRODUCTS_DIR)/iKNOW.app/iKNOW";
			};
			name = Debug;
		};
		47096DAF29E2AC3600DA528F /* Release */ = {
			isa = XCBuildConfiguration;
			buildSettings = {
				ALWAYS_EMBED_SWIFT_STANDARD_LIBRARIES = YES;
				BUNDLE_LOADER = "$(TEST_HOST)";
				CODE_SIGN_STYLE = Automatic;
				CURRENT_PROJECT_VERSION = 1;
				GENERATE_INFOPLIST_FILE = YES;
				IPHONEOS_DEPLOYMENT_TARGET = 15.5;
				MARKETING_VERSION = 1.0;
				PRODUCT_BUNDLE_IDENTIFIER = com.madanbrewery.iKNOWTests;
				PRODUCT_NAME = "$(TARGET_NAME)";
				SWIFT_EMIT_LOC_STRINGS = NO;
				SWIFT_VERSION = 5.0;
				TARGETED_DEVICE_FAMILY = "1,2";
				TEST_HOST = "$(BUILT_PRODUCTS_DIR)/iKNOW.app/iKNOW";
			};
			name = Release;
		};
		47096DB129E2AC3600DA528F /* Debug */ = {
			isa = XCBuildConfiguration;
			buildSettings = {
				ALWAYS_EMBED_SWIFT_STANDARD_LIBRARIES = YES;
				CODE_SIGN_STYLE = Automatic;
				CURRENT_PROJECT_VERSION = 1;
				GENERATE_INFOPLIST_FILE = YES;
				MARKETING_VERSION = 1.0;
				PRODUCT_BUNDLE_IDENTIFIER = com.madanbrewery.iKNOWUITests;
				PRODUCT_NAME = "$(TARGET_NAME)";
				SWIFT_EMIT_LOC_STRINGS = NO;
				SWIFT_VERSION = 5.0;
				TARGETED_DEVICE_FAMILY = "1,2";
				TEST_TARGET_NAME = iKNOW;
			};
			name = Debug;
		};
		47096DB229E2AC3600DA528F /* Release */ = {
			isa = XCBuildConfiguration;
			buildSettings = {
				ALWAYS_EMBED_SWIFT_STANDARD_LIBRARIES = YES;
				CODE_SIGN_STYLE = Automatic;
				CURRENT_PROJECT_VERSION = 1;
				GENERATE_INFOPLIST_FILE = YES;
				MARKETING_VERSION = 1.0;
				PRODUCT_BUNDLE_IDENTIFIER = com.madanbrewery.iKNOWUITests;
				PRODUCT_NAME = "$(TARGET_NAME)";
				SWIFT_EMIT_LOC_STRINGS = NO;
				SWIFT_VERSION = 5.0;
				TARGETED_DEVICE_FAMILY = "1,2";
				TEST_TARGET_NAME = iKNOW;
			};
			name = Release;
		};
/* End XCBuildConfiguration section */

/* Begin XCConfigurationList section */
		47096D8129E2AC2E00DA528F /* Build configuration list for PBXProject "iKNOW" */ = {
			isa = XCConfigurationList;
			buildConfigurations = (
				47096DA829E2AC3600DA528F /* Debug */,
				47096DA929E2AC3600DA528F /* Release */,
			);
			defaultConfigurationIsVisible = 0;
			defaultConfigurationName = Release;
		};
		47096DAA29E2AC3600DA528F /* Build configuration list for PBXNativeTarget "iKNOW" */ = {
			isa = XCConfigurationList;
			buildConfigurations = (
				47096DAB29E2AC3600DA528F /* Debug */,
				47096DAC29E2AC3600DA528F /* Release */,
			);
			defaultConfigurationIsVisible = 0;
			defaultConfigurationName = Release;
		};
		47096DAD29E2AC3600DA528F /* Build configuration list for PBXNativeTarget "iKNOWTests" */ = {
			isa = XCConfigurationList;
			buildConfigurations = (
				47096DAE29E2AC3600DA528F /* Debug */,
				47096DAF29E2AC3600DA528F /* Release */,
			);
			defaultConfigurationIsVisible = 0;
			defaultConfigurationName = Release;
		};
		47096DB029E2AC3600DA528F /* Build configuration list for PBXNativeTarget "iKNOWUITests" */ = {
			isa = XCConfigurationList;
			buildConfigurations = (
				47096DB129E2AC3600DA528F /* Debug */,
				47096DB229E2AC3600DA528F /* Release */,
			);
			defaultConfigurationIsVisible = 0;
			defaultConfigurationName = Release;
		};
/* End XCConfigurationList section */
	};
	rootObject = 47096D7E29E2AC2E00DA528F /* Project object */;
}
